{
  "version": 4,
  "terraform_version": "0.13.5",
  "serial": 13,
  "lineage": "487db722-4b8d-c73d-b4e8-4fa7a2893ffb",
  "outputs": {},
  "resources": [
    {
      "mode": "data",
      "type": "google_billing_account",
      "name": "account",
      "provider": "provider[\"registry.terraform.io/hashicorp/google\"]",
      "instances": [
        {
          "schema_version": 0,
          "attributes": {
            "billing_account": "billingAccounts/01C55D-F9DD1D-29B8BC",
            "display_name": "My Billing Account",
            "id": "01C55D-F9DD1D-29B8BC",
            "name": "billingAccounts/01C55D-F9DD1D-29B8BC",
            "open": true,
            "project_ids": [
              "aaron-lopatin",
              "funk-development-0907",
              "test-a9c4abf-development"
            ]
          }
        }
      ]
    },
    {
      "mode": "managed",
      "type": "google_kms_crypto_key",
      "name": "key",
      "provider": "provider[\"registry.terraform.io/hashicorp/google\"]",
      "instances": [
        {
          "index_key": 0,
          "schema_version": 1,
          "attributes": {
            "id": "global/main/main",
            "key_ring": "projects/test-a9c4abf-development/locations/global/keyRings/main",
            "labels": {},
            "name": "main",
            "purpose": "ENCRYPT_DECRYPT",
            "rotation_period": "100000s",
            "self_link": "projects/test-a9c4abf-development/locations/global/keyRings/main/cryptoKeys/main",
            "skip_initial_version_creation": false,
            "timeouts": {
              "create": null,
              "delete": null,
              "update": null
            },
            "version_template": [
              {
                "algorithm": "GOOGLE_SYMMETRIC_ENCRYPTION",
                "protection_level": "SOFTWARE"
              }
            ]
          },
          "private": "eyJlMmJmYjczMC1lY2FhLTExZTYtOGY4OC0zNDM2M2JjN2M0YzAiOnsiY3JlYXRlIjoyNDAwMDAwMDAwMDAsImRlbGV0ZSI6MjQwMDAwMDAwMDAwLCJ1cGRhdGUiOjI0MDAwMDAwMDAwMH0sInNjaGVtYV92ZXJzaW9uIjoiMSJ9",
          "dependencies": [
            "google_kms_key_ring.key_ring"
          ]
        }
      ]
    },
    {
      "mode": "managed",
      "type": "google_kms_key_ring",
      "name": "key_ring",
      "provider": "provider[\"registry.terraform.io/hashicorp/google\"]",
      "instances": [
        {
          "schema_version": 0,
          "attributes": {
            "id": "projects/test-a9c4abf-development/locations/global/keyRings/main",
            "location": "global",
            "name": "main",
            "project": "test-a9c4abf-development",
            "self_link": "projects/test-a9c4abf-development/locations/global/keyRings/main",
            "timeouts": {
              "create": null,
              "delete": null
            }
          },
          "private": "eyJlMmJmYjczMC1lY2FhLTExZTYtOGY4OC0zNDM2M2JjN2M0YzAiOnsiY3JlYXRlIjoyNDAwMDAwMDAwMDAsImRlbGV0ZSI6MjQwMDAwMDAwMDAwfSwic2NoZW1hX3ZlcnNpb24iOiIwIn0="
        }
      ]
    },
    {
      "mode": "managed",
      "type": "google_project",
      "name": "main",
      "provider": "provider[\"registry.terraform.io/hashicorp/google-beta\"]",
      "instances": [
        {
          "schema_version": 1,
          "attributes": {
            "auto_create_network": true,
            "billing_account": "01C55D-F9DD1D-29B8BC",
            "folder_id": null,
            "id": "projects/test-a9c4abf-development",
            "labels": {},
            "name": "Test",
            "number": "8478306942",
            "org_id": null,
            "project_id": "test-a9c4abf-development",
            "skip_delete": null,
            "timeouts": {
              "create": null,
              "delete": null,
              "read": null,
              "update": null
            }
          },
          "private": "eyJlMmJmYjczMC1lY2FhLTExZTYtOGY4OC0zNDM2M2JjN2M0YzAiOnsiY3JlYXRlIjo2MDAwMDAwMDAwMDAsImRlbGV0ZSI6NjAwMDAwMDAwMDAwLCJyZWFkIjo2MDAwMDAwMDAwMDAsInVwZGF0ZSI6NjAwMDAwMDAwMDAwfSwic2NoZW1hX3ZlcnNpb24iOiIxIn0=",
          "dependencies": [
            "data.google_billing_account.account"
          ]
        }
      ]
    },
    {
      "mode": "managed",
      "type": "google_project_iam_binding",
      "name": "app_service_account_firebase_auth",
      "provider": "provider[\"registry.terraform.io/hashicorp/google\"]",
      "instances": [
        {
          "schema_version": 0,
          "attributes": {
            "condition": [],
            "etag": "BwW4RuEMX9w=",
            "id": "test-a9c4abf-development/roles/firebaseauth.admin",
            "members": [
              "serviceAccount:firebase-adminsdk-9u0ug@test-a9c4abf-development.iam.gserviceaccount.com",
              "serviceAccount:test-a9c4abf-development@appspot.gserviceaccount.com"
            ],
            "project": "test-a9c4abf-development",
            "role": "roles/firebaseauth.admin"
          },
          "private": "eyJzY2hlbWFfdmVyc2lvbiI6IjAifQ==",
          "dependencies": [
            "data.google_billing_account.account",
            "google_project.main"
          ]
        }
      ]
    },
    {
      "mode": "managed",
      "type": "google_project_iam_binding",
      "name": "app_service_account_firestore",
      "provider": "provider[\"registry.terraform.io/hashicorp/google\"]",
      "instances": [
        {
          "schema_version": 0,
          "attributes": {
            "condition": [],
            "etag": "BwW4RuEMX9w=",
            "id": "test-a9c4abf-development/roles/datastore.user",
            "members": [
              "serviceAccount:test-a9c4abf-development@appspot.gserviceaccount.com"
            ],
            "project": "test-a9c4abf-development",
            "role": "roles/datastore.user"
          },
          "private": "eyJzY2hlbWFfdmVyc2lvbiI6IjAifQ==",
          "dependencies": [
            "data.google_billing_account.account",
            "google_project.main"
          ]
        }
      ]
    },
    {
      "mode": "managed",
      "type": "google_project_iam_binding",
      "name": "app_service_account_kms",
      "provider": "provider[\"registry.terraform.io/hashicorp/google\"]",
      "instances": [
        {
          "schema_version": 0,
          "attributes": {
            "condition": [],
            "etag": "BwW4RuEMX9w=",
            "id": "test-a9c4abf-development/roles/cloudkms.cryptoKeyEncrypterDecrypter",
            "members": [
              "serviceAccount:test-a9c4abf-development@appspot.gserviceaccount.com"
            ],
            "project": "test-a9c4abf-development",
            "role": "roles/cloudkms.cryptoKeyEncrypterDecrypter"
          },
          "private": "eyJzY2hlbWFfdmVyc2lvbiI6IjAifQ==",
          "dependencies": [
            "data.google_billing_account.account",
            "google_project.main"
          ]
        }
      ]
    },
    {
      "mode": "managed",
      "type": "google_project_service",
      "name": "billing",
      "provider": "provider[\"registry.terraform.io/hashicorp/google\"]",
      "instances": [
        {
          "schema_version": 0,
          "attributes": {
            "disable_dependent_services": null,
            "disable_on_destroy": true,
            "id": "test-a9c4abf-development/cloudbilling.googleapis.com",
            "project": "test-a9c4abf-development",
            "service": "cloudbilling.googleapis.com",
            "timeouts": {
              "create": null,
              "delete": null,
              "read": null,
              "update": null
            }
          },
          "private": "eyJlMmJmYjczMC1lY2FhLTExZTYtOGY4OC0zNDM2M2JjN2M0YzAiOnsiY3JlYXRlIjoxMjAwMDAwMDAwMDAwLCJkZWxldGUiOjEyMDAwMDAwMDAwMDAsInJlYWQiOjYwMDAwMDAwMDAwMCwidXBkYXRlIjoxMjAwMDAwMDAwMDAwfX0=",
          "dependencies": [
            "data.google_billing_account.account",
            "google_project.main"
          ]
        }
      ]
    },
    {
      "mode": "managed",
      "type": "google_project_service",
      "name": "kms",
      "provider": "provider[\"registry.terraform.io/hashicorp/google\"]",
      "instances": [
        {
          "schema_version": 0,
          "attributes": {
            "disable_dependent_services": null,
            "disable_on_destroy": true,
            "id": "test-a9c4abf-development/cloudkms.googleapis.com",
            "project": "test-a9c4abf-development",
            "service": "cloudkms.googleapis.com",
            "timeouts": {
              "create": null,
              "delete": null,
              "read": null,
              "update": null
            }
          },
          "private": "eyJlMmJmYjczMC1lY2FhLTExZTYtOGY4OC0zNDM2M2JjN2M0YzAiOnsiY3JlYXRlIjoxMjAwMDAwMDAwMDAwLCJkZWxldGUiOjEyMDAwMDAwMDAwMDAsInJlYWQiOjYwMDAwMDAwMDAwMCwidXBkYXRlIjoxMjAwMDAwMDAwMDAwfX0=",
          "dependencies": [
            "data.google_billing_account.account",
            "google_project.main"
          ]
        }
      ]
    }
  ]
}
